
Microsoft Visual Studio Solution File, Format Version 12.00
# Visual Studio Version 16
VisualStudioVersion = 16.0.29411.108
MinimumVisualStudioVersion = 10.0.40219.1
Project("{FAE04EC0-301F-11D3-BF4B-00C04F79EFBC}") = "newworld.Android", "newworld\newworld.Android\newworld.Android.csproj", "{52EF391E-FFF2-47D5-A9A8-1DC20EF116E1}"
EndProject
Project("{FAE04EC0-301F-11D3-BF4B-00C04F79EFBC}") = "newworld.iOS", "newworld\newworld.iOS\newworld.iOS.csproj", "{56F57093-EA70-4772-B23B-70D3A14F9211}"
EndProject
Project("{FAE04EC0-301F-11D3-BF4B-00C04F79EFBC}") = "newworld", "newworld\newworld\newworld.csproj", "{C059D643-2A42-44AE-9560-11BEDAC65AB6}"
EndProject
Global
	GlobalSection(SolutionConfigurationPlatforms) = preSolution
		Debug|Any CPU = Debug|Any CPU
		Debug|iPhone = Debug|iPhone
		Debug|iPhoneSimulator = Debug|iPhoneSimulator
		Release|Any CPU = Release|Any CPU
		Release|iPhone = Release|iPhone
		Release|iPhoneSimulator = Release|iPhoneSimulator
	EndGlobalSection
	GlobalSection(ProjectConfigurationPlatforms) = postSolution
		{52EF391E-FFF2-47D5-A9A8-1DC20EF116E1}.Debug|Any CPU.ActiveCfg = Debug|Any CPU
		{52EF391E-FFF2-47D5-A9A8-1DC20EF116E1}.Debug|Any CPU.Build.0 = Debug|Any CPU
		{52EF391E-FFF2-47D5-A9A8-1DC20EF116E1}.Debug|Any CPU.Deploy.0 = Debug|Any CPU
		{52EF391E-FFF2-47D5-A9A8-1DC20EF116E1}.Debug|iPhone.ActiveCfg = Debug|Any CPU
		{52EF391E-FFF2-47D5-A9A8-1DC20EF116E1}.Debug|iPhone.Build.0 = Debug|Any CPU
		{52EF391E-FFF2-47D5-A9A8-1DC20EF116E1}.Debug|iPhone.Deploy.0 = Debug|Any CPU
		{52EF391E-FFF2-47D5-A9A8-1DC20EF116E1}.Debug|iPhoneSimulator.ActiveCfg = Debug|Any CPU
		{52EF391E-FFF2-47D5-A9A8-1DC20EF116E1}.Debug|iPhoneSimulator.Build.0 = Debug|Any CPU
		{52EF391E-FFF2-47D5-A9A8-1DC20EF116E1}.Debug|iPhoneSimulator.Deploy.0 = Debug|Any CPU
		{52EF391E-FFF2-47D5-A9A8-1DC20EF116E1}.Release|Any CPU.ActiveCfg = Release|Any CPU
		{52EF391E-FFF2-47D5-A9A8-1DC20EF116E1}.Release|Any CPU.Build.0 = Release|Any CPU
		{52EF391E-FFF2-47D5-A9A8-1DC20EF116E1}.Release|Any CPU.Deploy.0 = Release|Any CPU
		{52EF391E-FFF2-47D5-A9A8-1DC20EF116E1}.Release|iPhone.ActiveCfg = Release|Any CPU
		{52EF391E-FFF2-47D5-A9A8-1DC20EF116E1}.Release|iPhone.Build.0 = Release|Any CPU
		{52EF391E-FFF2-47D5-A9A8-1DC20EF116E1}.Release|iPhone.Deploy.0 = Release|Any CPU
		{52EF391E-FFF2-47D5-A9A8-1DC20EF116E1}.Release|iPhoneSimulator.ActiveCfg = Release|Any CPU
		{52EF391E-FFF2-47D5-A9A8-1DC20EF116E1}.Release|iPhoneSimulator.Build.0 = Release|Any CPU
		{52EF391E-FFF2-47D5-A9A8-1DC20EF116E1}.Release|iPhoneSimulator.Deploy.0 = Release|Any CPU
		{56F57093-EA70-4772-B23B-70D3A14F9211}.Debug|Any CPU.ActiveCfg = Debug|iPhoneSimulator
		{56F57093-EA70-4772-B23B-70D3A14F9211}.Debug|Any CPU.Build.0 = Debug|iPhoneSimulator
		{56F57093-EA70-4772-B23B-70D3A14F9211}.Debug|Any CPU.Deploy.0 = Debug|iPhoneSimulator
		{56F57093-EA70-4772-B23B-70D3A14F9211}.Debug|iPhone.ActiveCfg = Debug|iPhone
		{56F57093-EA70-4772-B23B-70D3A14F9211}.Debug|iPhone.Build.0 = Debug|iPhone
		{56F57093-EA70-4772-B23B-70D3A14F9211}.Debug|iPhone.Deploy.0 = Debug|iPhone
		{56F57093-EA70-4772-B23B-70D3A14F9211}.Debug|iPhoneSimulator.ActiveCfg = Debug|iPhoneSimulator
		{56F57093-EA70-4772-B23B-70D3A14F9211}.Debug|iPhoneSimulator.Build.0 = Debug|iPhoneSimulator
		{56F57093-EA70-4772-B23B-70D3A14F9211}.Debug|iPhoneSimulator.Deploy.0 = Debug|iPhoneSimulator
		{56F57093-EA70-4772-B23B-70D3A14F9211}.Release|Any CPU.ActiveCfg = Release|iPhone
		{56F57093-EA70-4772-B23B-70D3A14F9211}.Release|Any CPU.Build.0 = Release|iPhone
		{56F57093-EA70-4772-B23B-70D3A14F9211}.Release|Any CPU.Deploy.0 = Release|iPhone
		{56F57093-EA70-4772-B23B-70D3A14F9211}.Release|iPhone.ActiveCfg = Release|iPhone
		{56F57093-EA70-4772-B23B-70D3A14F9211}.Release|iPhone.Build.0 = Release|iPhone
		{56F57093-EA70-4772-B23B-70D3A14F9211}.Release|iPhone.Deploy.0 = Release|iPhone
		{56F57093-EA70-4772-B23B-70D3A14F9211}.Release|iPhoneSimulator.ActiveCfg = Release|iPhoneSimulator
		{56F57093-EA70-4772-B23B-70D3A14F9211}.Release|iPhoneSimulator.Build.0 = Release|iPhoneSimulator
		{56F57093-EA70-4772-B23B-70D3A14F9211}.Release|iPhoneSimulator.Deploy.0 = Release|iPhoneSimulator
		{C059D643-2A42-44AE-9560-11BEDAC65AB6}.Debug|Any CPU.ActiveCfg = Debug|Any CPU
		{C059D643-2A42-44AE-9560-11BEDAC65AB6}.Debug|Any CPU.Build.0 = Debug|Any CPU
		{C059D643-2A42-44AE-9560-11BEDAC65AB6}.Debug|Any CPU.Deploy.0 = Debug|Any CPU
		{C059D643-2A42-44AE-9560-11BEDAC65AB6}.Debug|iPhone.ActiveCfg = Debug|Any CPU
		{C059D643-2A42-44AE-9560-11BEDAC65AB6}.Debug|iPhone.Build.0 = Debug|Any CPU
		{C059D643-2A42-44AE-9560-11BEDAC65AB6}.Debug|iPhone.Deploy.0 = Debug|Any CPU
		{C059D643-2A42-44AE-9560-11BEDAC65AB6}.Debug|iPhoneSimulator.ActiveCfg = Debug|Any CPU
		{C059D643-2A42-44AE-9560-11BEDAC65AB6}.Debug|iPhoneSimulator.Build.0 = Debug|Any CPU
		{C059D643-2A42-44AE-9560-11BEDAC65AB6}.Debug|iPhoneSimulator.Deploy.0 = Debug|Any CPU
		{C059D643-2A42-44AE-9560-11BEDAC65AB6}.Release|Any CPU.ActiveCfg = Release|Any CPU
		{C059D643-2A42-44AE-9560-11BEDAC65AB6}.Release|Any CPU.Build.0 = Release|Any CPU
		{C059D643-2A42-44AE-9560-11BEDAC65AB6}.Release|Any CPU.Deploy.0 = Release|Any CPU
		{C059D643-2A42-44AE-9560-11BEDAC65AB6}.Release|iPhone.ActiveCfg = Release|Any CPU
		{C059D643-2A42-44AE-9560-11BEDAC65AB6}.Release|iPhone.Build.0 = Release|Any CPU
		{C059D643-2A42-44AE-9560-11BEDAC65AB6}.Release|iPhone.Deploy.0 = Release|Any CPU
		{C059D643-2A42-44AE-9560-11BEDAC65AB6}.Release|iPhoneSimulator.ActiveCfg = Release|Any CPU
		{C059D643-2A42-44AE-9560-11BEDAC65AB6}.Release|iPhoneSimulator.Build.0 = Release|Any CPU
		{C059D643-2A42-44AE-9560-11BEDAC65AB6}.Release|iPhoneSimulator.Deploy.0 = Release|Any CPU
	EndGlobalSection
	GlobalSection(SolutionProperties) = preSolution
		HideSolutionNode = FALSE
	EndGlobalSection
	GlobalSection(ExtensibilityGlobals) = postSolution
		SolutionGuid = {41A3BC34-5BEA-4F7E-98C6-F5B003A88E73}
	EndGlobalSection
EndGlobal
